// !$*UTF8*$!
{
	archiveVersion = 1;
	classes = {
	};
	objectVersion = 50;
	objects = {

/* Begin PBXBuildFile section */
		8261B9802423F199003C37A3 /* AppDelegate.swift in Sources */ = {isa = PBXBuildFile; fileRef = 8261B97F2423F199003C37A3 /* AppDelegate.swift */; };
		8261B9842423F199003C37A3 /* ContentView.swift in Sources */ = {isa = PBXBuildFile; fileRef = 8261B9832423F199003C37A3 /* ContentView.swift */; };
		8261B9862423F19B003C37A3 /* Assets.xcassets in Resources */ = {isa = PBXBuildFile; fileRef = 8261B9852423F19B003C37A3 /* Assets.xcassets */; };
		8261B9892423F19B003C37A3 /* Preview Assets.xcassets in Resources */ = {isa = PBXBuildFile; fileRef = 8261B9882423F19B003C37A3 /* Preview Assets.xcassets */; };
		8261B98C2423F19B003C37A3 /* LaunchScreen.storyboard in Resources */ = {isa = PBXBuildFile; fileRef = 8261B98A2423F19B003C37A3 /* LaunchScreen.storyboard */; };
		8261B9972423F19C003C37A3 /* BudgetyTests.swift in Sources */ = {isa = PBXBuildFile; fileRef = 8261B9962423F19C003C37A3 /* BudgetyTests.swift */; };
		8261B9A22423F19C003C37A3 /* BudgetyUITests.swift in Sources */ = {isa = PBXBuildFile; fileRef = 8261B9A12423F19C003C37A3 /* BudgetyUITests.swift */; };
		82A8DEA32432DA4A00C8EB65 /* IncExpViewController.swift in Sources */ = {isa = PBXBuildFile; fileRef = 82A8DEA22432DA4A00C8EB65 /* IncExpViewController.swift */; };
		82A8DEA72434EAA200C8EB65 /* PersistenceService.swift in Sources */ = {isa = PBXBuildFile; fileRef = 82A8DEA62434EAA200C8EB65 /* PersistenceService.swift */; };
		82A8DEAA2434F11E00C8EB65 /* Budgety.xcdatamodeld in Sources */ = {isa = PBXBuildFile; fileRef = 82A8DEA82434F11E00C8EB65 /* Budgety.xcdatamodeld */; };
		82A8DEAD2434F23700C8EB65 /* Expense+CoreDataClass.swift in Sources */ = {isa = PBXBuildFile; fileRef = 82A8DEAB2434F23700C8EB65 /* Expense+CoreDataClass.swift */; };
		82A8DEAE2434F23700C8EB65 /* Expense+CoreDataProperties.swift in Sources */ = {isa = PBXBuildFile; fileRef = 82A8DEAC2434F23700C8EB65 /* Expense+CoreDataProperties.swift */; };
		82B6C38F24278EA10076ABBA /* Main.storyboard in Resources */ = {isa = PBXBuildFile; fileRef = 82B6C38E24278EA10076ABBA /* Main.storyboard */; };
		82EDAB92242D39140034A5B7 /* IncomeViewController.swift in Sources */ = {isa = PBXBuildFile; fileRef = 82EDAB91242D39140034A5B7 /* IncomeViewController.swift */; };
		82EDAB94242D94DF0034A5B7 /* Income.storyboard in Resources */ = {isa = PBXBuildFile; fileRef = 82EDAB93242D94DF0034A5B7 /* Income.storyboard */; };
		82EDAB96242D98120034A5B7 /* Expense.storyboard in Resources */ = {isa = PBXBuildFile; fileRef = 82EDAB95242D98120034A5B7 /* Expense.storyboard */; };
		82EDAB98242D98360034A5B7 /* ExpenseViewController.swift in Sources */ = {isa = PBXBuildFile; fileRef = 82EDAB97242D98360034A5B7 /* ExpenseViewController.swift */; };
		82EDAB9E242F8CD40034A5B7 /* HomeViewController.swift in Sources */ = {isa = PBXBuildFile; fileRef = 82EDAB9D242F8CD40034A5B7 /* HomeViewController.swift */; };
		82EDABA0242F96670034A5B7 /* NotificationNameExtension.swift in Sources */ = {isa = PBXBuildFile; fileRef = 82EDAB9F242F96670034A5B7 /* NotificationNameExtension.swift */; };
/* End PBXBuildFile section */

/* Begin PBXContainerItemProxy section */
		8261B9932423F19C003C37A3 /* PBXContainerItemProxy */ = {
			isa = PBXContainerItemProxy;
			containerPortal = 8261B9742423F199003C37A3 /* Project object */;
			proxyType = 1;
			remoteGlobalIDString = 8261B97B2423F199003C37A3;
			remoteInfo = Budgety;
		};
		8261B99E2423F19C003C37A3 /* PBXContainerItemProxy */ = {
			isa = PBXContainerItemProxy;
			containerPortal = 8261B9742423F199003C37A3 /* Project object */;
			proxyType = 1;
			remoteGlobalIDString = 8261B97B2423F199003C37A3;
			remoteInfo = Budgety;
		};
/* End PBXContainerItemProxy section */

/* Begin PBXFileReference section */
		8261B97C2423F199003C37A3 /* Budgety.app */ = {isa = PBXFileReference; explicitFileType = wrapper.application; includeInIndex = 0; path = Budgety.app; sourceTree = BUILT_PRODUCTS_DIR; };
		8261B97F2423F199003C37A3 /* AppDelegate.swift */ = {isa = PBXFileReference; lastKnownFileType = sourcecode.swift; path = AppDelegate.swift; sourceTree = "<group>"; };
		8261B9832423F199003C37A3 /* ContentView.swift */ = {isa = PBXFileReference; lastKnownFileType = sourcecode.swift; path = ContentView.swift; sourceTree = "<group>"; };
		8261B9852423F19B003C37A3 /* Assets.xcassets */ = {isa = PBXFileReference; lastKnownFileType = folder.assetcatalog; path = Assets.xcassets; sourceTree = "<group>"; };
		8261B9882423F19B003C37A3 /* Preview Assets.xcassets */ = {isa = PBXFileReference; lastKnownFileType = folder.assetcatalog; path = "Preview Assets.xcassets"; sourceTree = "<group>"; };
		8261B98B2423F19B003C37A3 /* Base */ = {isa = PBXFileReference; lastKnownFileType = file.storyboard; name = Base; path = Base.lproj/LaunchScreen.storyboard; sourceTree = "<group>"; };
		8261B98D2423F19B003C37A3 /* Info.plist */ = {isa = PBXFileReference; lastKnownFileType = text.plist.xml; path = Info.plist; sourceTree = "<group>"; };
		8261B9922423F19C003C37A3 /* BudgetyTests.xctest */ = {isa = PBXFileReference; explicitFileType = wrapper.cfbundle; includeInIndex = 0; path = BudgetyTests.xctest; sourceTree = BUILT_PRODUCTS_DIR; };
		8261B9962423F19C003C37A3 /* BudgetyTests.swift */ = {isa = PBXFileReference; lastKnownFileType = sourcecode.swift; path = BudgetyTests.swift; sourceTree = "<group>"; };
		8261B9982423F19C003C37A3 /* Info.plist */ = {isa = PBXFileReference; lastKnownFileType = text.plist.xml; path = Info.plist; sourceTree = "<group>"; };
		8261B99D2423F19C003C37A3 /* BudgetyUITests.xctest */ = {isa = PBXFileReference; explicitFileType = wrapper.cfbundle; includeInIndex = 0; path = BudgetyUITests.xctest; sourceTree = BUILT_PRODUCTS_DIR; };
		8261B9A12423F19C003C37A3 /* BudgetyUITests.swift */ = {isa = PBXFileReference; lastKnownFileType = sourcecode.swift; path = BudgetyUITests.swift; sourceTree = "<group>"; };
		8261B9A32423F19C003C37A3 /* Info.plist */ = {isa = PBXFileReference; lastKnownFileType = text.plist.xml; path = Info.plist; sourceTree = "<group>"; };
		82A8DEA22432DA4A00C8EB65 /* IncExpViewController.swift */ = {isa = PBXFileReference; lastKnownFileType = sourcecode.swift; path = IncExpViewController.swift; sourceTree = "<group>"; };
		82A8DEA62434EAA200C8EB65 /* PersistenceService.swift */ = {isa = PBXFileReference; lastKnownFileType = sourcecode.swift; path = PersistenceService.swift; sourceTree = "<group>"; };
		82A8DEA92434F11E00C8EB65 /* Budgety.xcdatamodel */ = {isa = PBXFileReference; lastKnownFileType = wrapper.xcdatamodel; path = Budgety.xcdatamodel; sourceTree = "<group>"; };
		82A8DEAB2434F23700C8EB65 /* Expense+CoreDataClass.swift */ = {isa = PBXFileReference; lastKnownFileType = sourcecode.swift; path = "Expense+CoreDataClass.swift"; sourceTree = "<group>"; };
		82A8DEAC2434F23700C8EB65 /* Expense+CoreDataProperties.swift */ = {isa = PBXFileReference; lastKnownFileType = sourcecode.swift; path = "Expense+CoreDataProperties.swift"; sourceTree = "<group>"; };
		82B6C38E24278EA10076ABBA /* Main.storyboard */ = {isa = PBXFileReference; lastKnownFileType = file.storyboard; path = Main.storyboard; sourceTree = "<group>"; };
		82EDAB91242D39140034A5B7 /* IncomeViewController.swift */ = {isa = PBXFileReference; lastKnownFileType = sourcecode.swift; path = IncomeViewController.swift; sourceTree = "<group>"; };
		82EDAB93242D94DF0034A5B7 /* Income.storyboard */ = {isa = PBXFileReference; fileEncoding = 4; lastKnownFileType = file.storyboard; path = Income.storyboard; sourceTree = "<group>"; };
		82EDAB95242D98120034A5B7 /* Expense.storyboard */ = {isa = PBXFileReference; lastKnownFileType = file.storyboard; path = Expense.storyboard; sourceTree = "<group>"; };
		82EDAB97242D98360034A5B7 /* ExpenseViewController.swift */ = {isa = PBXFileReference; lastKnownFileType = sourcecode.swift; path = ExpenseViewController.swift; sourceTree = "<group>"; };
		82EDAB9D242F8CD40034A5B7 /* HomeViewController.swift */ = {isa = PBXFileReference; lastKnownFileType = sourcecode.swift; name = HomeViewController.swift; path = ../HomeViewController.swift; sourceTree = "<group>"; };
		82EDAB9F242F96670034A5B7 /* NotificationNameExtension.swift */ = {isa = PBXFileReference; lastKnownFileType = sourcecode.swift; path = NotificationNameExtension.swift; sourceTree = "<group>"; };
/* End PBXFileReference section */

/* Begin PBXFrameworksBuildPhase section */
		8261B9792423F199003C37A3 /* Frameworks */ = {
			isa = PBXFrameworksBuildPhase;
			buildActionMask = 2147483647;
			files = (
			);
			runOnlyForDeploymentPostprocessing = 0;
		};
		8261B98F2423F19C003C37A3 /* Frameworks */ = {
			isa = PBXFrameworksBuildPhase;
			buildActionMask = 2147483647;
			files = (
			);
			runOnlyForDeploymentPostprocessing = 0;
		};
		8261B99A2423F19C003C37A3 /* Frameworks */ = {
			isa = PBXFrameworksBuildPhase;
			buildActionMask = 2147483647;
			files = (
			);
			runOnlyForDeploymentPostprocessing = 0;
		};
/* End PBXFrameworksBuildPhase section */

/* Begin PBXGroup section */
		8261B9732423F199003C37A3 = {
			isa = PBXGroup;
			children = (
				8261B97E2423F199003C37A3 /* Budgety */,
				8261B9952423F19C003C37A3 /* BudgetyTests */,
				8261B9A02423F19C003C37A3 /* BudgetyUITests */,
				8261B97D2423F199003C37A3 /* Products */,
			);
			sourceTree = "<group>";
		};
		8261B97D2423F199003C37A3 /* Products */ = {
			isa = PBXGroup;
			children = (
				8261B97C2423F199003C37A3 /* Budgety.app */,
				8261B9922423F19C003C37A3 /* BudgetyTests.xctest */,
				8261B99D2423F19C003C37A3 /* BudgetyUITests.xctest */,
			);
			name = Products;
			sourceTree = "<group>";
		};
		8261B97E2423F199003C37A3 /* Budgety */ = {
			isa = PBXGroup;
			children = (
				82A8DEAB2434F23700C8EB65 /* Expense+CoreDataClass.swift */,
				82A8DEAC2434F23700C8EB65 /* Expense+CoreDataProperties.swift */,
				82EDAB9F242F96670034A5B7 /* NotificationNameExtension.swift */,
				82A8DEA62434EAA200C8EB65 /* PersistenceService.swift */,
				82EDAB9D242F8CD40034A5B7 /* HomeViewController.swift */,
				82A8DEA22432DA4A00C8EB65 /* IncExpViewController.swift */,
				82EDAB93242D94DF0034A5B7 /* Income.storyboard */,
				82EDAB95242D98120034A5B7 /* Expense.storyboard */,
				82B6C38E24278EA10076ABBA /* Main.storyboard */,
				8261B97F2423F199003C37A3 /* AppDelegate.swift */,
				82EDAB91242D39140034A5B7 /* IncomeViewController.swift */,
				82EDAB97242D98360034A5B7 /* ExpenseViewController.swift */,
				8261B9832423F199003C37A3 /* ContentView.swift */,
				8261B9852423F19B003C37A3 /* Assets.xcassets */,
				8261B98A2423F19B003C37A3 /* LaunchScreen.storyboard */,
				8261B98D2423F19B003C37A3 /* Info.plist */,
				8261B9872423F19B003C37A3 /* Preview Content */,
				82A8DEA82434F11E00C8EB65 /* Budgety.xcdatamodeld */,
			);
			path = Budgety;
			sourceTree = "<group>";
		};
		8261B9872423F19B003C37A3 /* Preview Content */ = {
			isa = PBXGroup;
			children = (
				8261B9882423F19B003C37A3 /* Preview Assets.xcassets */,
			);
			path = "Preview Content";
			sourceTree = "<group>";
		};
		8261B9952423F19C003C37A3 /* BudgetyTests */ = {
			isa = PBXGroup;
			children = (
				8261B9962423F19C003C37A3 /* BudgetyTests.swift */,
				8261B9982423F19C003C37A3 /* Info.plist */,
			);
			path = BudgetyTests;
			sourceTree = "<group>";
		};
		8261B9A02423F19C003C37A3 /* BudgetyUITests */ = {
			isa = PBXGroup;
			children = (
				8261B9A12423F19C003C37A3 /* BudgetyUITests.swift */,
				8261B9A32423F19C003C37A3 /* Info.plist */,
			);
			path = BudgetyUITests;
			sourceTree = "<group>";
		};
/* End PBXGroup section */

/* Begin PBXNativeTarget section */
		8261B97B2423F199003C37A3 /* Budgety */ = {
			isa = PBXNativeTarget;
			buildConfigurationList = 8261B9A62423F19C003C37A3 /* Build configuration list for PBXNativeTarget "Budgety" */;
			buildPhases = (
				8261B9782423F199003C37A3 /* Sources */,
				8261B9792423F199003C37A3 /* Frameworks */,
				8261B97A2423F199003C37A3 /* Resources */,
			);
			buildRules = (
			);
			dependencies = (
			);
			name = Budgety;
			productName = Budgety;
			productReference = 8261B97C2423F199003C37A3 /* Budgety.app */;
			productType = "com.apple.product-type.application";
		};
		8261B9912423F19C003C37A3 /* BudgetyTests */ = {
			isa = PBXNativeTarget;
			buildConfigurationList = 8261B9A92423F19C003C37A3 /* Build configuration list for PBXNativeTarget "BudgetyTests" */;
			buildPhases = (
				8261B98E2423F19C003C37A3 /* Sources */,
				8261B98F2423F19C003C37A3 /* Frameworks */,
				8261B9902423F19C003C37A3 /* Resources */,
			);
			buildRules = (
			);
			dependencies = (
				8261B9942423F19C003C37A3 /* PBXTargetDependency */,
			);
			name = BudgetyTests;
			productName = BudgetyTests;
			productReference = 8261B9922423F19C003C37A3 /* BudgetyTests.xctest */;
			productType = "com.apple.product-type.bundle.unit-test";
		};
		8261B99C2423F19C003C37A3 /* BudgetyUITests */ = {
			isa = PBXNativeTarget;
			buildConfigurationList = 8261B9AC2423F19C003C37A3 /* Build configuration list for PBXNativeTarget "BudgetyUITests" */;
			buildPhases = (
				8261B9992423F19C003C37A3 /* Sources */,
				8261B99A2423F19C003C37A3 /* Frameworks */,
				8261B99B2423F19C003C37A3 /* Resources */,
			);
			buildRules = (
			);
			dependencies = (
				8261B99F2423F19C003C37A3 /* PBXTargetDependency */,
			);
			name = BudgetyUITests;
			productName = BudgetyUITests;
			productReference = 8261B99D2423F19C003C37A3 /* BudgetyUITests.xctest */;
			productType = "com.apple.product-type.bundle.ui-testing";
		};
/* End PBXNativeTarget section */

/* Begin PBXProject section */
		8261B9742423F199003C37A3 /* Project object */ = {
			isa = PBXProject;
			attributes = {
				LastSwiftUpdateCheck = 1130;
				LastUpgradeCheck = 1130;
				ORGANIZATIONNAME = "Matthew Rampey";
				TargetAttributes = {
					8261B97B2423F199003C37A3 = {
						CreatedOnToolsVersion = 11.3.1;
					};
					8261B9912423F19C003C37A3 = {
						CreatedOnToolsVersion = 11.3.1;
						TestTargetID = 8261B97B2423F199003C37A3;
					};
					8261B99C2423F19C003C37A3 = {
						CreatedOnToolsVersion = 11.3.1;
						TestTargetID = 8261B97B2423F199003C37A3;
					};
				};
			};
			buildConfigurationList = 8261B9772423F199003C37A3 /* Build configuration list for PBXProject "Budgety" */;
			compatibilityVersion = "Xcode 9.3";
			developmentRegion = en;
			hasScannedForEncodings = 0;
			knownRegions = (
				en,
				Base,
			);
			mainGroup = 8261B9732423F199003C37A3;
			productRefGroup = 8261B97D2423F199003C37A3 /* Products */;
			projectDirPath = "";
			projectRoot = "";
			targets = (
				8261B97B2423F199003C37A3 /* Budgety */,
				8261B9912423F19C003C37A3 /* BudgetyTests */,
				8261B99C2423F19C003C37A3 /* BudgetyUITests */,
			);
		};
/* End PBXProject section */

/* Begin PBXResourcesBuildPhase section */
		8261B97A2423F199003C37A3 /* Resources */ = {
			isa = PBXResourcesBuildPhase;
			buildActionMask = 2147483647;
			files = (
				82EDAB94242D94DF0034A5B7 /* Income.storyboard in Resources */,
				8261B98C2423F19B003C37A3 /* LaunchScreen.storyboard in Resources */,
				8261B9892423F19B003C37A3 /* Preview Assets.xcassets in Resources */,
				8261B9862423F19B003C37A3 /* Assets.xcassets in Resources */,
				82B6C38F24278EA10076ABBA /* Main.storyboard in Resources */,
				82EDAB96242D98120034A5B7 /* Expense.storyboard in Resources */,
			);
			runOnlyForDeploymentPostprocessing = 0;
		};
		8261B9902423F19C003C37A3 /* Resources */ = {
			isa = PBXResourcesBuildPhase;
			buildActionMask = 2147483647;
			files = (
			);
			runOnlyForDeploymentPostprocessing = 0;
		};
		8261B99B2423F19C003C37A3 /* Resources */ = {
			isa = PBXResourcesBuildPhase;
			buildActionMask = 2147483647;
			files = (
			);
			runOnlyForDeploymentPostprocessing = 0;
		};
/* End PBXResourcesBuildPhase section */

/* Begin PBXSourcesBuildPhase section */
		8261B9782423F199003C37A3 /* Sources */ = {
			isa = PBXSourcesBuildPhase;
			buildActionMask = 2147483647;
			files = (
				82EDAB92242D39140034A5B7 /* IncomeViewController.swift in Sources */,
				82A8DEA72434EAA200C8EB65 /* PersistenceService.swift in Sources */,
				82A8DEAD2434F23700C8EB65 /* Expense+CoreDataClass.swift in Sources */,
				82A8DEA32432DA4A00C8EB65 /* IncExpViewController.swift in Sources */,
				82EDAB98242D98360034A5B7 /* ExpenseViewController.swift in Sources */,
				8261B9802423F199003C37A3 /* AppDelegate.swift in Sources */,
				82A8DEAA2434F11E00C8EB65 /* Budgety.xcdatamodeld in Sources */,
				82A8DEAE2434F23700C8EB65 /* Expense+CoreDataProperties.swift in Sources */,
				82EDABA0242F96670034A5B7 /* NotificationNameExtension.swift in Sources */,
				8261B9842423F199003C37A3 /* ContentView.swift in Sources */,
				82EDAB9E242F8CD40034A5B7 /* HomeViewController.swift in Sources */,
			);
			runOnlyForDeploymentPostprocessing = 0;
		};
		8261B98E2423F19C003C37A3 /* Sources */ = {
			isa = PBXSourcesBuildPhase;
			buildActionMask = 2147483647;
			files = (
				8261B9972423F19C003C37A3 /* BudgetyTests.swift in Sources */,
			);
			runOnlyForDeploymentPostprocessing = 0;
		};
		8261B9992423F19C003C37A3 /* Sources */ = {
			isa = PBXSourcesBuildPhase;
			buildActionMask = 2147483647;
			files = (
				8261B9A22423F19C003C37A3 /* BudgetyUITests.swift in Sources */,
			);
			runOnlyForDeploymentPostprocessing = 0;
		};
/* End PBXSourcesBuildPhase section */

/* Begin PBXTargetDependency section */
		8261B9942423F19C003C37A3 /* PBXTargetDependency */ = {
			isa = PBXTargetDependency;
			target = 8261B97B2423F199003C37A3 /* Budgety */;
			targetProxy = 8261B9932423F19C003C37A3 /* PBXContainerItemProxy */;
		};
		8261B99F2423F19C003C37A3 /* PBXTargetDependency */ = {
			isa = PBXTargetDependency;
			target = 8261B97B2423F199003C37A3 /* Budgety */;
			targetProxy = 8261B99E2423F19C003C37A3 /* PBXContainerItemProxy */;
		};
/* End PBXTargetDependency section */

/* Begin PBXVariantGroup section */
		8261B98A2423F19B003C37A3 /* LaunchScreen.storyboard */ = {
			isa = PBXVariantGroup;
			children = (
				8261B98B2423F19B003C37A3 /* Base */,
			);
			name = LaunchScreen.storyboard;
			sourceTree = "<group>";
		};
/* End PBXVariantGroup section */

/* Begin XCBuildConfiguration section */
		8261B9A42423F19C003C37A3 /* Debug */ = {
			isa = XCBuildConfiguration;
			buildSettings = {
				ALWAYS_SEARCH_USER_PATHS = NO;
				CLANG_ANALYZER_NONNULL = YES;
				CLANG_ANALYZER_NUMBER_OBJECT_CONVERSION = YES_AGGRESSIVE;
				CLANG_CXX_LANGUAGE_STANDARD = "gnu++14";
				CLANG_CXX_LIBRARY = "libc++";
				CLANG_ENABLE_MODULES = YES;
				CLANG_ENABLE_OBJC_ARC = YES;
				CLANG_ENABLE_OBJC_WEAK = YES;
				CLANG_WARN_BLOCK_CAPTURE_AUTORELEASING = YES;
				CLANG_WARN_BOOL_CONVERSION = YES;
				CLANG_WARN_COMMA = YES;
				CLANG_WARN_CONSTANT_CONVERSION = YES;
				CLANG_WARN_DEPRECATED_OBJC_IMPLEMENTATIONS = YES;
				CLANG_WARN_DIRECT_OBJC_ISA_USAGE = YES_ERROR;
				CLANG_WARN_DOCUMENTATION_COMMENTS = YES;
				CLANG_WARN_EMPTY_BODY = YES;
				CLANG_WARN_ENUM_CONVERSION = YES;
				CLANG_WARN_INFINITE_RECURSION = YES;
				CLANG_WARN_INT_CONVERSION = YES;
				CLANG_WARN_NON_LITERAL_NULL_CONVERSION = YES;
				CLANG_WARN_OBJC_IMPLICIT_RETAIN_SELF = YES;
				CLANG_WARN_OBJC_LITERAL_CONVERSION = YES;
				CLANG_WARN_OBJC_ROOT_CLASS = YES_ERROR;
				CLANG_WARN_RANGE_LOOP_ANALYSIS = YES;
				CLANG_WARN_STRICT_PROTOTYPES = YES;
				CLANG_WARN_SUSPICIOUS_MOVE = YES;
				CLANG_WARN_UNGUARDED_AVAILABILITY = YES_AGGRESSIVE;
				CLANG_WARN_UNREACHABLE_CODE = YES;
				CLANG_WARN__DUPLICATE_METHOD_MATCH = YES;
				COPY_PHASE_STRIP = NO;
				DEBUG_INFORMATION_FORMAT = dwarf;
				ENABLE_STRICT_OBJC_MSGSEND = YES;
				ENABLE_TESTABILITY = YES;
				GCC_C_LANGUAGE_STANDARD = gnu11;
				GCC_DYNAMIC_NO_PIC = NO;
				GCC_NO_COMMON_BLOCKS = YES;
				GCC_OPTIMIZATION_LEVEL = 0;
				GCC_PREPROCESSOR_DEFINITIONS = (
					"DEBUG=1",
					"$(inherited)",
				);
				GCC_WARN_64_TO_32_BIT_CONVERSION = YES;
				GCC_WARN_ABOUT_RETURN_TYPE = YES_ERROR;
				GCC_WARN_UNDECLARED_SELECTOR = YES;
				GCC_WARN_UNINITIALIZED_AUTOS = YES_AGGRESSIVE;
				GCC_WARN_UNUSED_FUNCTION = YES;
				GCC_WARN_UNUSED_VARIABLE = YES;
				IPHONEOS_DEPLOYMENT_TARGET = 13.2;
				MTL_ENABLE_DEBUG_INFO = INCLUDE_SOURCE;
				MTL_FAST_MATH = YES;
				ONLY_ACTIVE_ARCH = YES;
				SDKROOT = iphoneos;
				SWIFT_ACTIVE_COMPILATION_CONDITIONS = DEBUG;
				SWIFT_OPTIMIZATION_LEVEL = "-Onone";
			};
			name = Debug;
		};
		8261B9A52423F19C003C37A3 /* Release */ = {
			isa = XCBuildConfiguration;
			buildSettings = {
				ALWAYS_SEARCH_USER_PATHS = NO;
				CLANG_ANALYZER_NONNULL = YES;
				CLANG_ANALYZER_NUMBER_OBJECT_CONVERSION = YES_AGGRESSIVE;
				CLANG_CXX_LANGUAGE_STANDARD = "gnu++14";
				CLANG_CXX_LIBRARY = "libc++";
				CLANG_ENABLE_MODULES = YES;
				CLANG_ENABLE_OBJC_ARC = YES;
				CLANG_ENABLE_OBJC_WEAK = YES;
				CLANG_WARN_BLOCK_CAPTURE_AUTORELEASING = YES;
				CLANG_WARN_BOOL_CONVERSION = YES;
				CLANG_WARN_COMMA = YES;
				CLANG_WARN_CONSTANT_CONVERSION = YES;
				CLANG_WARN_DEPRECATED_OBJC_IMPLEMENTATIONS = YES;
				CLANG_WARN_DIRECT_OBJC_ISA_USAGE = YES_ERROR;
				CLANG_WARN_DOCUMENTATION_COMMENTS = YES;
				CLANG_WARN_EMPTY_BODY = YES;
				CLANG_WARN_ENUM_CONVERSION = YES;
				CLANG_WARN_INFINITE_RECURSION = YES;
				CLANG_WARN_INT_CONVERSION = YES;
				CLANG_WARN_NON_LITERAL_NULL_CONVERSION = YES;
				CLANG_WARN_OBJC_IMPLICIT_RETAIN_SELF = YES;
				CLANG_WARN_OBJC_LITERAL_CONVERSION = YES;
				CLANG_WARN_OBJC_ROOT_CLASS = YES_ERROR;
				CLANG_WARN_RANGE_LOOP_ANALYSIS = YES;
				CLANG_WARN_STRICT_PROTOTYPES = YES;
				CLANG_WARN_SUSPICIOUS_MOVE = YES;
				CLANG_WARN_UNGUARDED_AVAILABILITY = YES_AGGRESSIVE;
				CLANG_WARN_UNREACHABLE_CODE = YES;
				CLANG_WARN__DUPLICATE_METHOD_MATCH = YES;
				COPY_PHASE_STRIP = NO;
				DEBUG_INFORMATION_FORMAT = "dwarf-with-dsym";
				ENABLE_NS_ASSERTIONS = NO;
				ENABLE_STRICT_OBJC_MSGSEND = YES;
				GCC_C_LANGUAGE_STANDARD = gnu11;
				GCC_NO_COMMON_BLOCKS = YES;
				GCC_WARN_64_TO_32_BIT_CONVERSION = YES;
				GCC_WARN_ABOUT_RETURN_TYPE = YES_ERROR;
				GCC_WARN_UNDECLARED_SELECTOR = YES;
				GCC_WARN_UNINITIALIZED_AUTOS = YES_AGGRESSIVE;
				GCC_WARN_UNUSED_FUNCTION = YES;
				GCC_WARN_UNUSED_VARIABLE = YES;
				IPHONEOS_DEPLOYMENT_TARGET = 13.2;
				MTL_ENABLE_DEBUG_INFO = NO;
				MTL_FAST_MATH = YES;
				SDKROOT = iphoneos;
				SWIFT_COMPILATION_MODE = wholemodule;
				SWIFT_OPTIMIZATION_LEVEL = "-O";
				VALIDATE_PRODUCT = YES;
			};
			name = Release;
		};
		8261B9A72423F19C003C37A3 /* Debug */ = {
			isa = XCBuildConfiguration;
			buildSettings = {
				ASSETCATALOG_COMPILER_APPICON_NAME = AppIcon;
				CODE_SIGN_STYLE = Automatic;
				DEVELOPMENT_ASSET_PATHS = "\"Budgety/Preview Content\"";
				DEVELOPMENT_TEAM = 2Z5HW57JQK;
				ENABLE_PREVIEWS = YES;
				INFOPLIST_FILE = Budgety/Info.plist;
				LD_RUNPATH_SEARCH_PATHS = (
					"$(inherited)",
					"@executable_path/Frameworks",
				);
				PRODUCT_BUNDLE_IDENTIFIER = BRCTCBudgetAPP.Budgety;
				PRODUCT_NAME = "$(TARGET_NAME)";
				SWIFT_VERSION = 5.0;
				TARGETED_DEVICE_FAMILY = "1,2";
			};
			name = Debug;
		};
		8261B9A82423F19C003C37A3 /* Release */ = {
			isa = XCBuildConfiguration;
			buildSettings = {
				ASSETCATALOG_COMPILER_APPICON_NAME = AppIcon;
				CODE_SIGN_STYLE = Automatic;
				DEVELOPMENT_ASSET_PATHS = "\"Budgety/Preview Content\"";
				DEVELOPMENT_TEAM = 2Z5HW57JQK;
				ENABLE_PREVIEWS = YES;
				INFOPLIST_FILE = Budgety/Info.plist;
				LD_RUNPATH_SEARCH_PATHS = (
					"$(inherited)",
					"@executable_path/Frameworks",
				);
				PRODUCT_BUNDLE_IDENTIFIER = BRCTCBudgetAPP.Budgety;
				PRODUCT_NAME = "$(TARGET_NAME)";
				SWIFT_VERSION = 5.0;
				TARGETED_DEVICE_FAMILY = "1,2";
			};
			name = Release;
		};
		8261B9AA2423F19C003C37A3 /* Debug */ = {
			isa = XCBuildConfiguration;
			buildSettings = {
				ALWAYS_EMBED_SWIFT_STANDARD_LIBRARIES = YES;
				BUNDLE_LOADER = "$(TEST_HOST)";
				CODE_SIGN_STYLE = Automatic;
				DEVELOPMENT_TEAM = 2Z5HW57JQK;
				INFOPLIST_FILE = BudgetyTests/Info.plist;
				IPHONEOS_DEPLOYMENT_TARGET = 13.2;
				LD_RUNPATH_SEARCH_PATHS = (
					"$(inherited)",
					"@executable_path/Frameworks",
					"@loader_path/Frameworks",
				);
				PRODUCT_BUNDLE_IDENTIFIER = BRCTCBudgetAPP.BudgetyTests;
				PRODUCT_NAME = "$(TARGET_NAME)";
				SWIFT_VERSION = 5.0;
				TARGETED_DEVICE_FAMILY = "1,2";
				TEST_HOST = "$(BUILT_PRODUCTS_DIR)/Budgety.app/Budgety";
			};
			name = Debug;
		};
		8261B9AB2423F19C003C37A3 /* Release */ = {
			isa = XCBuildConfiguration;
			buildSettings = {
				ALWAYS_EMBED_SWIFT_STANDARD_LIBRARIES = YES;
				BUNDLE_LOADER = "$(TEST_HOST)";
				CODE_SIGN_STYLE = Automatic;
				DEVELOPMENT_TEAM = 2Z5HW57JQK;
				INFOPLIST_FILE = BudgetyTests/Info.plist;
				IPHONEOS_DEPLOYMENT_TARGET = 13.2;
				LD_RUNPATH_SEARCH_PATHS = (
					"$(inherited)",
					"@executable_path/Frameworks",
					"@loader_path/Frameworks",
				);
				PRODUCT_BUNDLE_IDENTIFIER = BRCTCBudgetAPP.BudgetyTests;
				PRODUCT_NAME = "$(TARGET_NAME)";
				SWIFT_VERSION = 5.0;
				TARGETED_DEVICE_FAMILY = "1,2";
				TEST_HOST = "$(BUILT_PRODUCTS_DIR)/Budgety.app/Budgety";
			};
			name = Release;
		};
		8261B9AD2423F19C003C37A3 /* Debug */ = {
			isa = XCBuildConfiguration;
			buildSettings = {
				ALWAYS_EMBED_SWIFT_STANDARD_LIBRARIES = YES;
				CODE_SIGN_STYLE = Automatic;
				DEVELOPMENT_TEAM = 2Z5HW57JQK;
				INFOPLIST_FILE = BudgetyUITests/Info.plist;
				LD_RUNPATH_SEARCH_PATHS = (
					"$(inherited)",
					"@executable_path/Frameworks",
					"@loader_path/Frameworks",
				);
				PRODUCT_BUNDLE_IDENTIFIER = BRCTCBudgetAPP.BudgetyUITests;
				PRODUCT_NAME = "$(TARGET_NAME)";
				SWIFT_VERSION = 5.0;
				TARGETED_DEVICE_FAMILY = "1,2";
				TEST_TARGET_NAME = Budgety;
			};
			name = Debug;
		};
		8261B9AE2423F19C003C37A3 /* Release */ = {
			isa = XCBuildConfiguration;
			buildSettings = {
				ALWAYS_EMBED_SWIFT_STANDARD_LIBRARIES = YES;
				CODE_SIGN_STYLE = Automatic;
				DEVELOPMENT_TEAM = 2Z5HW57JQK;
				INFOPLIST_FILE = BudgetyUITests/Info.plist;
				LD_RUNPATH_SEARCH_PATHS = (
					"$(inherited)",
					"@executable_path/Frameworks",
					"@loader_path/Frameworks",
				);
				PRODUCT_BUNDLE_IDENTIFIER = BRCTCBudgetAPP.BudgetyUITests;
				PRODUCT_NAME = "$(TARGET_NAME)";
				SWIFT_VERSION = 5.0;
				TARGETED_DEVICE_FAMILY = "1,2";
				TEST_TARGET_NAME = Budgety;
			};
			name = Release;
		};
/* End XCBuildConfiguration section */

/* Begin XCConfigurationList section */
		8261B9772423F199003C37A3 /* Build configuration list for PBXProject "Budgety" */ = {
			isa = XCConfigurationList;
			buildConfigurations = (
				8261B9A42423F19C003C37A3 /* Debug */,
				8261B9A52423F19C003C37A3 /* Release */,
			);
			defaultConfigurationIsVisible = 0;
			defaultConfigurationName = Release;
		};
		8261B9A62423F19C003C37A3 /* Build configuration list for PBXNativeTarget "Budgety" */ = {
			isa = XCConfigurationList;
			buildConfigurations = (
				8261B9A72423F19C003C37A3 /* Debug */,
				8261B9A82423F19C003C37A3 /* Release */,
			);
			defaultConfigurationIsVisible = 0;
			defaultConfigurationName = Release;
		};
		8261B9A92423F19C003C37A3 /* Build configuration list for PBXNativeTarget "BudgetyTests" */ = {
			isa = XCConfigurationList;
			buildConfigurations = (
				8261B9AA2423F19C003C37A3 /* Debug */,
				8261B9AB2423F19C003C37A3 /* Release */,
			);
			defaultConfigurationIsVisible = 0;
			defaultConfigurationName = Release;
		};
		8261B9AC2423F19C003C37A3 /* Build configuration list for PBXNativeTarget "BudgetyUITests" */ = {
			isa = XCConfigurationList;
			buildConfigurations = (
				8261B9AD2423F19C003C37A3 /* Debug */,
				8261B9AE2423F19C003C37A3 /* Release */,
			);
			defaultConfigurationIsVisible = 0;
			defaultConfigurationName = Release;
		};
/* End XCConfigurationList section */

/* Begin XCVersionGroup section */
		82A8DEA82434F11E00C8EB65 /* Budgety.xcdatamodeld */ = {
			isa = XCVersionGroup;
			children = (
				82A8DEA92434F11E00C8EB65 /* Budgety.xcdatamodel */,
			);
			currentVersion = 82A8DEA92434F11E00C8EB65 /* Budgety.xcdatamodel */;
			path = Budgety.xcdatamodeld;
			sourceTree = "<group>";
			versionGroupType = wrapper.xcdatamodel;
		};
/* End XCVersionGroup section */
	};
	rootObject = 8261B9742423F199003C37A3 /* Project object */;
}
